
Microsoft Visual Studio Solution File, Format Version 12.00
# Visual Studio 2012
Project("{FAE04EC0-301F-11D3-BF4B-00C04F79EFBC}") = "klicks.mkt", "klicks.mkt\klicks.mkt.csproj", "{D4CA5FB1-DCB7-4060-8FE8-F7A5DE375BC7}"
EndProject
Project("{FAE04EC0-301F-11D3-BF4B-00C04F79EFBC}") = "klicks.mkt.Droid", "Droid\klicks.mkt.Droid.csproj", "{30439178-5445-406D-8736-28604721937D}"
EndProject
Project("{FAE04EC0-301F-11D3-BF4B-00C04F79EFBC}") = "klicks.mkt.UITests", "UITests\klicks.mkt.UITests.csproj", "{AB459A36-68D9-4DC2-B596-B0A872B423C2}"
EndProject
Global
	GlobalSection(SolutionConfigurationPlatforms) = preSolution
		Debug|Any CPU = Debug|Any CPU
		Release|Any CPU = Release|Any CPU
	EndGlobalSection
	GlobalSection(ProjectConfigurationPlatforms) = postSolution
		{30439178-5445-406D-8736-28604721937D}.Debug|Any CPU.ActiveCfg = Debug|Any CPU
		{30439178-5445-406D-8736-28604721937D}.Debug|Any CPU.Build.0 = Debug|Any CPU
		{30439178-5445-406D-8736-28604721937D}.Release|Any CPU.ActiveCfg = Release|Any CPU
		{30439178-5445-406D-8736-28604721937D}.Release|Any CPU.Build.0 = Release|Any CPU
		{AB459A36-68D9-4DC2-B596-B0A872B423C2}.Debug|Any CPU.ActiveCfg = Debug|Any CPU
		{AB459A36-68D9-4DC2-B596-B0A872B423C2}.Debug|Any CPU.Build.0 = Debug|Any CPU
		{AB459A36-68D9-4DC2-B596-B0A872B423C2}.Release|Any CPU.ActiveCfg = Release|Any CPU
		{AB459A36-68D9-4DC2-B596-B0A872B423C2}.Release|Any CPU.Build.0 = Release|Any CPU
		{D4CA5FB1-DCB7-4060-8FE8-F7A5DE375BC7}.Debug|Any CPU.ActiveCfg = Debug|Any CPU
		{D4CA5FB1-DCB7-4060-8FE8-F7A5DE375BC7}.Debug|Any CPU.Build.0 = Debug|Any CPU
		{D4CA5FB1-DCB7-4060-8FE8-F7A5DE375BC7}.Release|Any CPU.ActiveCfg = Release|Any CPU
		{D4CA5FB1-DCB7-4060-8FE8-F7A5DE375BC7}.Release|Any CPU.Build.0 = Release|Any CPU
	EndGlobalSection
EndGlobal
